
Microsoft Visual Studio Solution File, Format Version 12.00
# Visual Studio Version 17
VisualStudioVersion = 17.5.33414.496
MinimumVisualStudioVersion = 10.0.40219.1
Project("{9A19103F-16F7-4668-BE54-9A1E7A4F7556}") = "project SWD", "project SWD\project SWD.csproj", "{2B85B3D1-E73B-4A3A-A6A4-FCE0A198A261}"
EndProject
Global
	GlobalSection(SolutionConfigurationPlatforms) = preSolution
		Debug|Any CPU = Debug|Any CPU
		Release|Any CPU = Release|Any CPU
	EndGlobalSection
	GlobalSection(ProjectConfigurationPlatforms) = postSolution
		{2B85B3D1-E73B-4A3A-A6A4-FCE0A198A261}.Debug|Any CPU.ActiveCfg = Debug|Any CPU
		{2B85B3D1-E73B-4A3A-A6A4-FCE0A198A261}.Debug|Any CPU.Build.0 = Debug|Any CPU
		{2B85B3D1-E73B-4A3A-A6A4-FCE0A198A261}.Release|Any CPU.ActiveCfg = Release|Any CPU
		{2B85B3D1-E73B-4A3A-A6A4-FCE0A198A261}.Release|Any CPU.Build.0 = Release|Any CPU
	EndGlobalSection
	GlobalSection(SolutionProperties) = preSolution
		HideSolutionNode = FALSE
	EndGlobalSection
	GlobalSection(ExtensibilityGlobals) = postSolution
		SolutionGuid = {36921053-37DC-467B-A3C4-1BC4F431BE9D}
	EndGlobalSection
EndGlobal
